
Microsoft Visual Studio Solution File, Format Version 12.00
# Visual Studio Version 17
VisualStudioVersion = 17.6.33829.357
MinimumVisualStudioVersion = 10.0.40219.1
Project("{FAE04EC0-301F-11D3-BF4B-00C04F79EFBC}") = "IceCreamParlor", "IceCreamParlor\IceCreamParlor.csproj", "{9BECB991-B6B1-4C55-BC38-69DDAA1F0DC7}"
EndProject
Project("{FAE04EC0-301F-11D3-BF4B-00C04F79EFBC}") = "IceCreamParlorTest", "IceCreamParlorTest\IceCreamParlorTest.csproj", "{4FCE286E-3820-43D2-A7D9-8A690310E2F9}"
EndProject
Global
	GlobalSection(SolutionConfigurationPlatforms) = preSolution
		Debug|Any CPU = Debug|Any CPU
		Release|Any CPU = Release|Any CPU
	EndGlobalSection
	GlobalSection(ProjectConfigurationPlatforms) = postSolution
		{9BECB991-B6B1-4C55-BC38-69DDAA1F0DC7}.Debug|Any CPU.ActiveCfg = Debug|Any CPU
		{9BECB991-B6B1-4C55-BC38-69DDAA1F0DC7}.Debug|Any CPU.Build.0 = Debug|Any CPU
		{9BECB991-B6B1-4C55-BC38-69DDAA1F0DC7}.Release|Any CPU.ActiveCfg = Release|Any CPU
		{9BECB991-B6B1-4C55-BC38-69DDAA1F0DC7}.Release|Any CPU.Build.0 = Release|Any CPU
		{4FCE286E-3820-43D2-A7D9-8A690310E2F9}.Debug|Any CPU.ActiveCfg = Debug|Any CPU
		{4FCE286E-3820-43D2-A7D9-8A690310E2F9}.Debug|Any CPU.Build.0 = Debug|Any CPU
		{4FCE286E-3820-43D2-A7D9-8A690310E2F9}.Release|Any CPU.ActiveCfg = Release|Any CPU
		{4FCE286E-3820-43D2-A7D9-8A690310E2F9}.Release|Any CPU.Build.0 = Release|Any CPU
	EndGlobalSection
	GlobalSection(SolutionProperties) = preSolution
		HideSolutionNode = FALSE
	EndGlobalSection
	GlobalSection(ExtensibilityGlobals) = postSolution
		SolutionGuid = {8CE012DC-1AC8-459F-87C5-2B80AA692449}
	EndGlobalSection
EndGlobal
